// !$*UTF8*$!
{
	archiveVersion = 1;
	classes = {
	};
	objectVersion = 56;
	objects = {

/* Begin PBXBuildFile section */
		4B0291072B04C824006ECEDE /* ToDoListApp.swift in Sources */ = {isa = PBXBuildFile; fileRef = 4B0291062B04C824006ECEDE /* ToDoListApp.swift */; };
		4B0291092B04C824006ECEDE /* MainView.swift in Sources */ = {isa = PBXBuildFile; fileRef = 4B0291082B04C824006ECEDE /* MainView.swift */; };
		4B02910B2B04C832006ECEDE /* Assets.xcassets in Resources */ = {isa = PBXBuildFile; fileRef = 4B02910A2B04C832006ECEDE /* Assets.xcassets */; };
		4B02910E2B04C832006ECEDE /* Preview Assets.xcassets in Resources */ = {isa = PBXBuildFile; fileRef = 4B02910D2B04C832006ECEDE /* Preview Assets.xcassets */; };
		4B0291162B04CB4B006ECEDE /* FirebaseAuth in Frameworks */ = {isa = PBXBuildFile; productRef = 4B0291152B04CB4B006ECEDE /* FirebaseAuth */; };
		4B0291182B04CB4B006ECEDE /* FirebaseFirestore in Frameworks */ = {isa = PBXBuildFile; productRef = 4B0291172B04CB4B006ECEDE /* FirebaseFirestore */; };
		4B02911A2B04CB4B006ECEDE /* FirebaseFirestoreSwift in Frameworks */ = {isa = PBXBuildFile; productRef = 4B0291192B04CB4B006ECEDE /* FirebaseFirestoreSwift */; };
		4B02911C2B05A0EA006ECEDE /* GoogleService-Info.plist in Resources */ = {isa = PBXBuildFile; fileRef = 4B02911B2B05A0E7006ECEDE /* GoogleService-Info.plist */; };
		4B0291222B05A4F0006ECEDE /* ProfileView.swift in Sources */ = {isa = PBXBuildFile; fileRef = 4B0291212B05A4F0006ECEDE /* ProfileView.swift */; };
		4B0291242B05A51C006ECEDE /* ToDoListView.swift in Sources */ = {isa = PBXBuildFile; fileRef = 4B0291232B05A51C006ECEDE /* ToDoListView.swift */; };
		4B0291262B05A54E006ECEDE /* NewItemView.swift in Sources */ = {isa = PBXBuildFile; fileRef = 4B0291252B05A54E006ECEDE /* NewItemView.swift */; };
		4B0291282B05A56C006ECEDE /* LoginView.swift in Sources */ = {isa = PBXBuildFile; fileRef = 4B0291272B05A56C006ECEDE /* LoginView.swift */; };
		4B02912A2B05A5AF006ECEDE /* RegisterView.swift in Sources */ = {isa = PBXBuildFile; fileRef = 4B0291292B05A5AF006ECEDE /* RegisterView.swift */; };
		4B02912C2B05A5EC006ECEDE /* ToDoListItemView.swift in Sources */ = {isa = PBXBuildFile; fileRef = 4B02912B2B05A5EC006ECEDE /* ToDoListItemView.swift */; };
		4B02912E2B05A63E006ECEDE /* User.swift in Sources */ = {isa = PBXBuildFile; fileRef = 4B02912D2B05A63E006ECEDE /* User.swift */; };
		4B0291302B05A658006ECEDE /* ToDoListitem.swift in Sources */ = {isa = PBXBuildFile; fileRef = 4B02912F2B05A658006ECEDE /* ToDoListitem.swift */; };
		4B0291322B05A69B006ECEDE /* MainViewViewModel.swift in Sources */ = {isa = PBXBuildFile; fileRef = 4B0291312B05A69B006ECEDE /* MainViewViewModel.swift */; };
		4B0291342B05A6CC006ECEDE /* ProfileViewViewModel.swift in Sources */ = {isa = PBXBuildFile; fileRef = 4B0291332B05A6CC006ECEDE /* ProfileViewViewModel.swift */; };
		4B0291362B05A6FD006ECEDE /* ToDoListViewViewModel.swift in Sources */ = {isa = PBXBuildFile; fileRef = 4B0291352B05A6FD006ECEDE /* ToDoListViewViewModel.swift */; };
		4B0291382B05A720006ECEDE /* NewItemViewViewModel.swift in Sources */ = {isa = PBXBuildFile; fileRef = 4B0291372B05A720006ECEDE /* NewItemViewViewModel.swift */; };
		4B02913A2B05A746006ECEDE /* LoginViewViewModel.swift in Sources */ = {isa = PBXBuildFile; fileRef = 4B0291392B05A746006ECEDE /* LoginViewViewModel.swift */; };
		4B02913C2B05A7DD006ECEDE /* RegisterViewViewModel.swift in Sources */ = {isa = PBXBuildFile; fileRef = 4B02913B2B05A7DD006ECEDE /* RegisterViewViewModel.swift */; };
		4B02913E2B05A80E006ECEDE /* ToDoListItemViewViewModel.swift in Sources */ = {isa = PBXBuildFile; fileRef = 4B02913D2B05A80E006ECEDE /* ToDoListItemViewViewModel.swift */; };
		4B0291412B05BD1F006ECEDE /* HeaderView.swift in Sources */ = {isa = PBXBuildFile; fileRef = 4B0291402B05BD1F006ECEDE /* HeaderView.swift */; };
		4B0291442B05FCEE006ECEDE /* TLButton.swift in Sources */ = {isa = PBXBuildFile; fileRef = 4B0291432B05FCEE006ECEDE /* TLButton.swift */; };
		4BB905DA2B06FACC00FF9B7C /* Extensions.swift in Sources */ = {isa = PBXBuildFile; fileRef = 4BB905D92B06FACC00FF9B7C /* Extensions.swift */; };
/* End PBXBuildFile section */

/* Begin PBXFileReference section */
		4B0291032B04C824006ECEDE /* ToDoList.app */ = {isa = PBXFileReference; explicitFileType = wrapper.application; includeInIndex = 0; path = ToDoList.app; sourceTree = BUILT_PRODUCTS_DIR; };
		4B0291062B04C824006ECEDE /* ToDoListApp.swift */ = {isa = PBXFileReference; lastKnownFileType = sourcecode.swift; path = ToDoListApp.swift; sourceTree = "<group>"; };
		4B0291082B04C824006ECEDE /* MainView.swift */ = {isa = PBXFileReference; lastKnownFileType = sourcecode.swift; path = MainView.swift; sourceTree = "<group>"; };
		4B02910A2B04C832006ECEDE /* Assets.xcassets */ = {isa = PBXFileReference; lastKnownFileType = folder.assetcatalog; path = Assets.xcassets; sourceTree = "<group>"; };
		4B02910D2B04C832006ECEDE /* Preview Assets.xcassets */ = {isa = PBXFileReference; lastKnownFileType = folder.assetcatalog; path = "Preview Assets.xcassets"; sourceTree = "<group>"; };
		4B02911B2B05A0E7006ECEDE /* GoogleService-Info.plist */ = {isa = PBXFileReference; fileEncoding = 4; lastKnownFileType = text.plist.xml; path = "GoogleService-Info.plist"; sourceTree = "<group>"; };
		4B0291212B05A4F0006ECEDE /* ProfileView.swift */ = {isa = PBXFileReference; lastKnownFileType = sourcecode.swift; path = ProfileView.swift; sourceTree = "<group>"; };
		4B0291232B05A51C006ECEDE /* ToDoListView.swift */ = {isa = PBXFileReference; lastKnownFileType = sourcecode.swift; path = ToDoListView.swift; sourceTree = "<group>"; };
		4B0291252B05A54E006ECEDE /* NewItemView.swift */ = {isa = PBXFileReference; lastKnownFileType = sourcecode.swift; path = NewItemView.swift; sourceTree = "<group>"; };
		4B0291272B05A56C006ECEDE /* LoginView.swift */ = {isa = PBXFileReference; lastKnownFileType = sourcecode.swift; path = LoginView.swift; sourceTree = "<group>"; };
		4B0291292B05A5AF006ECEDE /* RegisterView.swift */ = {isa = PBXFileReference; lastKnownFileType = sourcecode.swift; path = RegisterView.swift; sourceTree = "<group>"; };
		4B02912B2B05A5EC006ECEDE /* ToDoListItemView.swift */ = {isa = PBXFileReference; lastKnownFileType = sourcecode.swift; path = ToDoListItemView.swift; sourceTree = "<group>"; };
		4B02912D2B05A63E006ECEDE /* User.swift */ = {isa = PBXFileReference; lastKnownFileType = sourcecode.swift; path = User.swift; sourceTree = "<group>"; };
		4B02912F2B05A658006ECEDE /* ToDoListitem.swift */ = {isa = PBXFileReference; lastKnownFileType = sourcecode.swift; path = ToDoListitem.swift; sourceTree = "<group>"; };
		4B0291312B05A69B006ECEDE /* MainViewViewModel.swift */ = {isa = PBXFileReference; lastKnownFileType = sourcecode.swift; path = MainViewViewModel.swift; sourceTree = "<group>"; };
		4B0291332B05A6CC006ECEDE /* ProfileViewViewModel.swift */ = {isa = PBXFileReference; lastKnownFileType = sourcecode.swift; path = ProfileViewViewModel.swift; sourceTree = "<group>"; };
		4B0291352B05A6FD006ECEDE /* ToDoListViewViewModel.swift */ = {isa = PBXFileReference; lastKnownFileType = sourcecode.swift; path = ToDoListViewViewModel.swift; sourceTree = "<group>"; };
		4B0291372B05A720006ECEDE /* NewItemViewViewModel.swift */ = {isa = PBXFileReference; lastKnownFileType = sourcecode.swift; path = NewItemViewViewModel.swift; sourceTree = "<group>"; };
		4B0291392B05A746006ECEDE /* LoginViewViewModel.swift */ = {isa = PBXFileReference; lastKnownFileType = sourcecode.swift; path = LoginViewViewModel.swift; sourceTree = "<group>"; };
		4B02913B2B05A7DD006ECEDE /* RegisterViewViewModel.swift */ = {isa = PBXFileReference; lastKnownFileType = sourcecode.swift; path = RegisterViewViewModel.swift; sourceTree = "<group>"; };
		4B02913D2B05A80E006ECEDE /* ToDoListItemViewViewModel.swift */ = {isa = PBXFileReference; lastKnownFileType = sourcecode.swift; path = ToDoListItemViewViewModel.swift; sourceTree = "<group>"; };
		4B0291402B05BD1F006ECEDE /* HeaderView.swift */ = {isa = PBXFileReference; lastKnownFileType = sourcecode.swift; path = HeaderView.swift; sourceTree = "<group>"; };
		4B0291432B05FCEE006ECEDE /* TLButton.swift */ = {isa = PBXFileReference; lastKnownFileType = sourcecode.swift; path = TLButton.swift; sourceTree = "<group>"; };
		4BB905D92B06FACC00FF9B7C /* Extensions.swift */ = {isa = PBXFileReference; lastKnownFileType = sourcecode.swift; path = Extensions.swift; sourceTree = "<group>"; };
/* End PBXFileReference section */

/* Begin PBXFrameworksBuildPhase section */
		4B0291002B04C824006ECEDE /* Frameworks */ = {
			isa = PBXFrameworksBuildPhase;
			buildActionMask = 2147483647;
			files = (
				4B0291162B04CB4B006ECEDE /* FirebaseAuth in Frameworks */,
				4B0291182B04CB4B006ECEDE /* FirebaseFirestore in Frameworks */,
				4B02911A2B04CB4B006ECEDE /* FirebaseFirestoreSwift in Frameworks */,
			);
			runOnlyForDeploymentPostprocessing = 0;
		};
/* End PBXFrameworksBuildPhase section */

/* Begin PBXGroup section */
		4B0290FA2B04C824006ECEDE = {
			isa = PBXGroup;
			children = (
				4B0291052B04C824006ECEDE /* ToDoList */,
				4B0291042B04C824006ECEDE /* Products */,
			);
			sourceTree = "<group>";
		};
		4B0291042B04C824006ECEDE /* Products */ = {
			isa = PBXGroup;
			children = (
				4B0291032B04C824006ECEDE /* ToDoList.app */,
			);
			name = Products;
			sourceTree = "<group>";
		};
		4B0291052B04C824006ECEDE /* ToDoList */ = {
			isa = PBXGroup;
			children = (
				4B0291202B05A335006ECEDE /* Other */,
				4B02911F2B05A30F006ECEDE /* Models */,
				4B02911E2B05A2E8006ECEDE /* ViewModels */,
				4B02911D2B05A2C6006ECEDE /* Views */,
				4B02910C2B04C832006ECEDE /* Preview Content */,
			);
			path = ToDoList;
			sourceTree = "<group>";
		};
		4B02910C2B04C832006ECEDE /* Preview Content */ = {
			isa = PBXGroup;
			children = (
				4B02910D2B04C832006ECEDE /* Preview Assets.xcassets */,
			);
			path = "Preview Content";
			sourceTree = "<group>";
		};
		4B02911D2B05A2C6006ECEDE /* Views */ = {
			isa = PBXGroup;
			children = (
				4B02913F2B05BCFE006ECEDE /* New Group */,
				4B0291082B04C824006ECEDE /* MainView.swift */,
				4B0291212B05A4F0006ECEDE /* ProfileView.swift */,
				4B0291402B05BD1F006ECEDE /* HeaderView.swift */,
				4B0291232B05A51C006ECEDE /* ToDoListView.swift */,
				4B02912B2B05A5EC006ECEDE /* ToDoListItemView.swift */,
				4B0291252B05A54E006ECEDE /* NewItemView.swift */,
				4B0291272B05A56C006ECEDE /* LoginView.swift */,
				4B0291432B05FCEE006ECEDE /* TLButton.swift */,
				4B0291292B05A5AF006ECEDE /* RegisterView.swift */,
			);
			path = Views;
			sourceTree = "<group>";
		};
		4B02911E2B05A2E8006ECEDE /* ViewModels */ = {
			isa = PBXGroup;
			children = (
				4B0291312B05A69B006ECEDE /* MainViewViewModel.swift */,
				4B0291332B05A6CC006ECEDE /* ProfileViewViewModel.swift */,
				4B0291352B05A6FD006ECEDE /* ToDoListViewViewModel.swift */,
				4B0291372B05A720006ECEDE /* NewItemViewViewModel.swift */,
				4B0291392B05A746006ECEDE /* LoginViewViewModel.swift */,
				4B02913B2B05A7DD006ECEDE /* RegisterViewViewModel.swift */,
				4B02913D2B05A80E006ECEDE /* ToDoListItemViewViewModel.swift */,
			);
			path = ViewModels;
			sourceTree = "<group>";
		};
		4B02911F2B05A30F006ECEDE /* Models */ = {
			isa = PBXGroup;
			children = (
				4B02912D2B05A63E006ECEDE /* User.swift */,
				4B02912F2B05A658006ECEDE /* ToDoListitem.swift */,
			);
			path = Models;
			sourceTree = "<group>";
		};
		4B0291202B05A335006ECEDE /* Other */ = {
			isa = PBXGroup;
			children = (
				4B02911B2B05A0E7006ECEDE /* GoogleService-Info.plist */,
				4B0291062B04C824006ECEDE /* ToDoListApp.swift */,
				4B02910A2B04C832006ECEDE /* Assets.xcassets */,
				4BB905D92B06FACC00FF9B7C /* Extensions.swift */,
			);
			path = Other;
			sourceTree = "<group>";
		};
		4B02913F2B05BCFE006ECEDE /* New Group */ = {
			isa = PBXGroup;
			children = (
			);
			path = "New Group";
			sourceTree = "<group>";
		};
/* End PBXGroup section */

/* Begin PBXNativeTarget section */
		4B0291022B04C824006ECEDE /* ToDoList */ = {
			isa = PBXNativeTarget;
			buildConfigurationList = 4B0291112B04C832006ECEDE /* Build configuration list for PBXNativeTarget "ToDoList" */;
			buildPhases = (
				4B0290FF2B04C824006ECEDE /* Sources */,
				4B0291002B04C824006ECEDE /* Frameworks */,
				4B0291012B04C824006ECEDE /* Resources */,
			);
			buildRules = (
			);
			dependencies = (
			);
			name = ToDoList;
			packageProductDependencies = (
				4B0291152B04CB4B006ECEDE /* FirebaseAuth */,
				4B0291172B04CB4B006ECEDE /* FirebaseFirestore */,
				4B0291192B04CB4B006ECEDE /* FirebaseFirestoreSwift */,
			);
			productName = ToDoList;
			productReference = 4B0291032B04C824006ECEDE /* ToDoList.app */;
			productType = "com.apple.product-type.application";
		};
/* End PBXNativeTarget section */

/* Begin PBXProject section */
		4B0290FB2B04C824006ECEDE /* Project object */ = {
			isa = PBXProject;
			attributes = {
				BuildIndependentTargetsInParallel = 1;
				LastSwiftUpdateCheck = 1430;
				LastUpgradeCheck = 1430;
				TargetAttributes = {
					4B0291022B04C824006ECEDE = {
						CreatedOnToolsVersion = 14.3.1;
					};
				};
			};
			buildConfigurationList = 4B0290FE2B04C824006ECEDE /* Build configuration list for PBXProject "ToDoList" */;
			compatibilityVersion = "Xcode 14.0";
			developmentRegion = en;
			hasScannedForEncodings = 0;
			knownRegions = (
				en,
				Base,
			);
			mainGroup = 4B0290FA2B04C824006ECEDE;
			packageReferences = (
				4B0291142B04CB4B006ECEDE /* XCRemoteSwiftPackageReference "firebase-ios-sdk" */,
			);
			productRefGroup = 4B0291042B04C824006ECEDE /* Products */;
			projectDirPath = "";
			projectRoot = "";
			targets = (
				4B0291022B04C824006ECEDE /* ToDoList */,
			);
		};
/* End PBXProject section */

/* Begin PBXResourcesBuildPhase section */
		4B0291012B04C824006ECEDE /* Resources */ = {
			isa = PBXResourcesBuildPhase;
			buildActionMask = 2147483647;
			files = (
				4B02910E2B04C832006ECEDE /* Preview Assets.xcassets in Resources */,
				4B02911C2B05A0EA006ECEDE /* GoogleService-Info.plist in Resources */,
				4B02910B2B04C832006ECEDE /* Assets.xcassets in Resources */,
			);
			runOnlyForDeploymentPostprocessing = 0;
		};
/* End PBXResourcesBuildPhase section */

/* Begin PBXSourcesBuildPhase section */
		4B0290FF2B04C824006ECEDE /* Sources */ = {
			isa = PBXSourcesBuildPhase;
			buildActionMask = 2147483647;
			files = (
				4B0291282B05A56C006ECEDE /* LoginView.swift in Sources */,
				4B0291412B05BD1F006ECEDE /* HeaderView.swift in Sources */,
				4B0291092B04C824006ECEDE /* MainView.swift in Sources */,
				4B02913C2B05A7DD006ECEDE /* RegisterViewViewModel.swift in Sources */,
				4B0291382B05A720006ECEDE /* NewItemViewViewModel.swift in Sources */,
				4B0291322B05A69B006ECEDE /* MainViewViewModel.swift in Sources */,
				4B0291242B05A51C006ECEDE /* ToDoListView.swift in Sources */,
				4B0291442B05FCEE006ECEDE /* TLButton.swift in Sources */,
				4B02912A2B05A5AF006ECEDE /* RegisterView.swift in Sources */,
				4B0291342B05A6CC006ECEDE /* ProfileViewViewModel.swift in Sources */,
				4B0291302B05A658006ECEDE /* ToDoListitem.swift in Sources */,
				4B0291222B05A4F0006ECEDE /* ProfileView.swift in Sources */,
				4B02912E2B05A63E006ECEDE /* User.swift in Sources */,
				4B02913A2B05A746006ECEDE /* LoginViewViewModel.swift in Sources */,
				4B0291362B05A6FD006ECEDE /* ToDoListViewViewModel.swift in Sources */,
				4BB905DA2B06FACC00FF9B7C /* Extensions.swift in Sources */,
				4B02912C2B05A5EC006ECEDE /* ToDoListItemView.swift in Sources */,
				4B0291072B04C824006ECEDE /* ToDoListApp.swift in Sources */,
				4B0291262B05A54E006ECEDE /* NewItemView.swift in Sources */,
				4B02913E2B05A80E006ECEDE /* ToDoListItemViewViewModel.swift in Sources */,
			);
			runOnlyForDeploymentPostprocessing = 0;
		};
/* End PBXSourcesBuildPhase section */

/* Begin XCBuildConfiguration section */
		4B02910F2B04C832006ECEDE /* Debug */ = {
			isa = XCBuildConfiguration;
			buildSettings = {
				ALWAYS_SEARCH_USER_PATHS = NO;
				CLANG_ANALYZER_NONNULL = YES;
				CLANG_ANALYZER_NUMBER_OBJECT_CONVERSION = YES_AGGRESSIVE;
				CLANG_CXX_LANGUAGE_STANDARD = "gnu++20";
				CLANG_ENABLE_MODULES = YES;
				CLANG_ENABLE_OBJC_ARC = YES;
				CLANG_ENABLE_OBJC_WEAK = YES;
				CLANG_WARN_BLOCK_CAPTURE_AUTORELEASING = YES;
				CLANG_WARN_BOOL_CONVERSION = YES;
				CLANG_WARN_COMMA = YES;
				CLANG_WARN_CONSTANT_CONVERSION = YES;
				CLANG_WARN_DEPRECATED_OBJC_IMPLEMENTATIONS = YES;
				CLANG_WARN_DIRECT_OBJC_ISA_USAGE = YES_ERROR;
				CLANG_WARN_DOCUMENTATION_COMMENTS = YES;
				CLANG_WARN_EMPTY_BODY = YES;
				CLANG_WARN_ENUM_CONVERSION = YES;
				CLANG_WARN_INFINITE_RECURSION = YES;
				CLANG_WARN_INT_CONVERSION = YES;
				CLANG_WARN_NON_LITERAL_NULL_CONVERSION = YES;
				CLANG_WARN_OBJC_IMPLICIT_RETAIN_SELF = YES;
				CLANG_WARN_OBJC_LITERAL_CONVERSION = YES;
				CLANG_WARN_OBJC_ROOT_CLASS = YES_ERROR;
				CLANG_WARN_QUOTED_INCLUDE_IN_FRAMEWORK_HEADER = YES;
				CLANG_WARN_RANGE_LOOP_ANALYSIS = YES;
				CLANG_WARN_STRICT_PROTOTYPES = YES;
				CLANG_WARN_SUSPICIOUS_MOVE = YES;
				CLANG_WARN_UNGUARDED_AVAILABILITY = YES_AGGRESSIVE;
				CLANG_WARN_UNREACHABLE_CODE = YES;
				CLANG_WARN__DUPLICATE_METHOD_MATCH = YES;
				COPY_PHASE_STRIP = NO;
				DEBUG_INFORMATION_FORMAT = dwarf;
				ENABLE_STRICT_OBJC_MSGSEND = YES;
				ENABLE_TESTABILITY = YES;
				GCC_C_LANGUAGE_STANDARD = gnu11;
				GCC_DYNAMIC_NO_PIC = NO;
				GCC_NO_COMMON_BLOCKS = YES;
				GCC_OPTIMIZATION_LEVEL = 0;
				GCC_PREPROCESSOR_DEFINITIONS = (
					"DEBUG=1",
					"$(inherited)",
				);
				GCC_WARN_64_TO_32_BIT_CONVERSION = YES;
				GCC_WARN_ABOUT_RETURN_TYPE = YES_ERROR;
				GCC_WARN_UNDECLARED_SELECTOR = YES;
				GCC_WARN_UNINITIALIZED_AUTOS = YES_AGGRESSIVE;
				GCC_WARN_UNUSED_FUNCTION = YES;
				GCC_WARN_UNUSED_VARIABLE = YES;
				IPHONEOS_DEPLOYMENT_TARGET = 16.4;
				MTL_ENABLE_DEBUG_INFO = INCLUDE_SOURCE;
				MTL_FAST_MATH = YES;
				ONLY_ACTIVE_ARCH = YES;
				SDKROOT = iphoneos;
				SWIFT_ACTIVE_COMPILATION_CONDITIONS = DEBUG;
				SWIFT_OPTIMIZATION_LEVEL = "-Onone";
			};
			name = Debug;
		};
		4B0291102B04C832006ECEDE /* Release */ = {
			isa = XCBuildConfiguration;
			buildSettings = {
				ALWAYS_SEARCH_USER_PATHS = NO;
				CLANG_ANALYZER_NONNULL = YES;
				CLANG_ANALYZER_NUMBER_OBJECT_CONVERSION = YES_AGGRESSIVE;
				CLANG_CXX_LANGUAGE_STANDARD = "gnu++20";
				CLANG_ENABLE_MODULES = YES;
				CLANG_ENABLE_OBJC_ARC = YES;
				CLANG_ENABLE_OBJC_WEAK = YES;
				CLANG_WARN_BLOCK_CAPTURE_AUTORELEASING = YES;
				CLANG_WARN_BOOL_CONVERSION = YES;
				CLANG_WARN_COMMA = YES;
				CLANG_WARN_CONSTANT_CONVERSION = YES;
				CLANG_WARN_DEPRECATED_OBJC_IMPLEMENTATIONS = YES;
				CLANG_WARN_DIRECT_OBJC_ISA_USAGE = YES_ERROR;
				CLANG_WARN_DOCUMENTATION_COMMENTS = YES;
				CLANG_WARN_EMPTY_BODY = YES;
				CLANG_WARN_ENUM_CONVERSION = YES;
				CLANG_WARN_INFINITE_RECURSION = YES;
				CLANG_WARN_INT_CONVERSION = YES;
				CLANG_WARN_NON_LITERAL_NULL_CONVERSION = YES;
				CLANG_WARN_OBJC_IMPLICIT_RETAIN_SELF = YES;
				CLANG_WARN_OBJC_LITERAL_CONVERSION = YES;
				CLANG_WARN_OBJC_ROOT_CLASS = YES_ERROR;
				CLANG_WARN_QUOTED_INCLUDE_IN_FRAMEWORK_HEADER = YES;
				CLANG_WARN_RANGE_LOOP_ANALYSIS = YES;
				CLANG_WARN_STRICT_PROTOTYPES = YES;
				CLANG_WARN_SUSPICIOUS_MOVE = YES;
				CLANG_WARN_UNGUARDED_AVAILABILITY = YES_AGGRESSIVE;
				CLANG_WARN_UNREACHABLE_CODE = YES;
				CLANG_WARN__DUPLICATE_METHOD_MATCH = YES;
				COPY_PHASE_STRIP = NO;
				DEBUG_INFORMATION_FORMAT = "dwarf-with-dsym";
				ENABLE_NS_ASSERTIONS = NO;
				ENABLE_STRICT_OBJC_MSGSEND = YES;
				GCC_C_LANGUAGE_STANDARD = gnu11;
				GCC_NO_COMMON_BLOCKS = YES;
				GCC_WARN_64_TO_32_BIT_CONVERSION = YES;
				GCC_WARN_ABOUT_RETURN_TYPE = YES_ERROR;
				GCC_WARN_UNDECLARED_SELECTOR = YES;
				GCC_WARN_UNINITIALIZED_AUTOS = YES_AGGRESSIVE;
				GCC_WARN_UNUSED_FUNCTION = YES;
				GCC_WARN_UNUSED_VARIABLE = YES;
				IPHONEOS_DEPLOYMENT_TARGET = 16.4;
				MTL_ENABLE_DEBUG_INFO = NO;
				MTL_FAST_MATH = YES;
				SDKROOT = iphoneos;
				SWIFT_COMPILATION_MODE = wholemodule;
				SWIFT_OPTIMIZATION_LEVEL = "-O";
				VALIDATE_PRODUCT = YES;
			};
			name = Release;
		};
		4B0291122B04C832006ECEDE /* Debug */ = {
			isa = XCBuildConfiguration;
			buildSettings = {
				ASSETCATALOG_COMPILER_APPICON_NAME = AppIcon;
				ASSETCATALOG_COMPILER_GLOBAL_ACCENT_COLOR_NAME = AccentColor;
				CODE_SIGN_STYLE = Automatic;
				CURRENT_PROJECT_VERSION = 1;
				DEVELOPMENT_ASSET_PATHS = "\"ToDoList/Preview Content\"";
				ENABLE_PREVIEWS = YES;
				GENERATE_INFOPLIST_FILE = YES;
				INFOPLIST_KEY_CFBundleDisplayName = "To Do List";
				INFOPLIST_KEY_UIApplicationSceneManifest_Generation = YES;
				INFOPLIST_KEY_UIApplicationSupportsIndirectInputEvents = YES;
				INFOPLIST_KEY_UILaunchScreen_Generation = YES;
				INFOPLIST_KEY_UISupportedInterfaceOrientations = UIInterfaceOrientationPortrait;
				LD_RUNPATH_SEARCH_PATHS = (
					"$(inherited)",
					"@executable_path/Frameworks",
				);
				MARKETING_VERSION = 1.0;
				PRODUCT_BUNDLE_IDENTIFIER = com.naginoy.ToDoList;
				PRODUCT_NAME = "$(TARGET_NAME)";
				SWIFT_EMIT_LOC_STRINGS = YES;
				SWIFT_VERSION = 5.0;
				TARGETED_DEVICE_FAMILY = "1,2";
			};
			name = Debug;
		};
		4B0291132B04C832006ECEDE /* Release */ = {
			isa = XCBuildConfiguration;
			buildSettings = {
				ASSETCATALOG_COMPILER_APPICON_NAME = AppIcon;
				ASSETCATALOG_COMPILER_GLOBAL_ACCENT_COLOR_NAME = AccentColor;
				CODE_SIGN_STYLE = Automatic;
				CURRENT_PROJECT_VERSION = 1;
				DEVELOPMENT_ASSET_PATHS = "\"ToDoList/Preview Content\"";
				ENABLE_PREVIEWS = YES;
				GENERATE_INFOPLIST_FILE = YES;
				INFOPLIST_KEY_CFBundleDisplayName = "To Do List";
				INFOPLIST_KEY_UIApplicationSceneManifest_Generation = YES;
				INFOPLIST_KEY_UIApplicationSupportsIndirectInputEvents = YES;
				INFOPLIST_KEY_UILaunchScreen_Generation = YES;
				INFOPLIST_KEY_UISupportedInterfaceOrientations = UIInterfaceOrientationPortrait;
				LD_RUNPATH_SEARCH_PATHS = (
					"$(inherited)",
					"@executable_path/Frameworks",
				);
				MARKETING_VERSION = 1.0;
				PRODUCT_BUNDLE_IDENTIFIER = com.naginoy.ToDoList;
				PRODUCT_NAME = "$(TARGET_NAME)";
				SWIFT_EMIT_LOC_STRINGS = YES;
				SWIFT_VERSION = 5.0;
				TARGETED_DEVICE_FAMILY = "1,2";
			};
			name = Release;
		};
/* End XCBuildConfiguration section */

/* Begin XCConfigurationList section */
		4B0290FE2B04C824006ECEDE /* Build configuration list for PBXProject "ToDoList" */ = {
			isa = XCConfigurationList;
			buildConfigurations = (
				4B02910F2B04C832006ECEDE /* Debug */,
				4B0291102B04C832006ECEDE /* Release */,
			);
			defaultConfigurationIsVisible = 0;
			defaultConfigurationName = Release;
		};
		4B0291112B04C832006ECEDE /* Build configuration list for PBXNativeTarget "ToDoList" */ = {
			isa = XCConfigurationList;
			buildConfigurations = (
				4B0291122B04C832006ECEDE /* Debug */,
				4B0291132B04C832006ECEDE /* Release */,
			);
			defaultConfigurationIsVisible = 0;
			defaultConfigurationName = Release;
		};
/* End XCConfigurationList section */

/* Begin XCRemoteSwiftPackageReference section */
		4B0291142B04CB4B006ECEDE /* XCRemoteSwiftPackageReference "firebase-ios-sdk" */ = {
			isa = XCRemoteSwiftPackageReference;
			repositoryURL = "https://github.com/firebase/firebase-ios-sdk";
			requirement = {
				kind = upToNextMajorVersion;
				minimumVersion = 10.0.0;
			};
		};
/* End XCRemoteSwiftPackageReference section */

/* Begin XCSwiftPackageProductDependency section */
		4B0291152B04CB4B006ECEDE /* FirebaseAuth */ = {
			isa = XCSwiftPackageProductDependency;
			package = 4B0291142B04CB4B006ECEDE /* XCRemoteSwiftPackageReference "firebase-ios-sdk" */;
			productName = FirebaseAuth;
		};
		4B0291172B04CB4B006ECEDE /* FirebaseFirestore */ = {
			isa = XCSwiftPackageProductDependency;
			package = 4B0291142B04CB4B006ECEDE /* XCRemoteSwiftPackageReference "firebase-ios-sdk" */;
			productName = FirebaseFirestore;
		};
		4B0291192B04CB4B006ECEDE /* FirebaseFirestoreSwift */ = {
			isa = XCSwiftPackageProductDependency;
			package = 4B0291142B04CB4B006ECEDE /* XCRemoteSwiftPackageReference "firebase-ios-sdk" */;
			productName = FirebaseFirestoreSwift;
		};
/* End XCSwiftPackageProductDependency section */
	};
	rootObject = 4B0290FB2B04C824006ECEDE /* Project object */;
}
